
Microsoft Visual Studio Solution File, Format Version 12.00
# Visual Studio 15
VisualStudioVersion = 15.0.27703.2042
MinimumVisualStudioVersion = 10.0.40219.1
Project("{9A19103F-16F7-4668-BE54-9A1E7A4F7556}") = "RulesEngine", "RulesEngine\RulesEngine.csproj", "{B709F60B-419C-41EB-BA2E-DB046D0927D3}"
EndProject
Project("{E53339B2-1760-4266-BCC7-CA923CBCF16C}") = "docker-compose", "docker-compose.dcproj", "{C5CFD30F-AE88-461A-B35D-E8956F902754}"
EndProject
Global
	GlobalSection(SolutionConfigurationPlatforms) = preSolution
		Debug|Any CPU = Debug|Any CPU
		Release|Any CPU = Release|Any CPU
	EndGlobalSection
	GlobalSection(ProjectConfigurationPlatforms) = postSolution
		{B709F60B-419C-41EB-BA2E-DB046D0927D3}.Debug|Any CPU.ActiveCfg = Debug|Any CPU
		{B709F60B-419C-41EB-BA2E-DB046D0927D3}.Debug|Any CPU.Build.0 = Debug|Any CPU
		{B709F60B-419C-41EB-BA2E-DB046D0927D3}.Release|Any CPU.ActiveCfg = Release|Any CPU
		{B709F60B-419C-41EB-BA2E-DB046D0927D3}.Release|Any CPU.Build.0 = Release|Any CPU
		{C5CFD30F-AE88-461A-B35D-E8956F902754}.Debug|Any CPU.ActiveCfg = Debug|Any CPU
		{C5CFD30F-AE88-461A-B35D-E8956F902754}.Debug|Any CPU.Build.0 = Debug|Any CPU
		{C5CFD30F-AE88-461A-B35D-E8956F902754}.Release|Any CPU.ActiveCfg = Release|Any CPU
		{C5CFD30F-AE88-461A-B35D-E8956F902754}.Release|Any CPU.Build.0 = Release|Any CPU
	EndGlobalSection
	GlobalSection(SolutionProperties) = preSolution
		HideSolutionNode = FALSE
	EndGlobalSection
	GlobalSection(ExtensibilityGlobals) = postSolution
		SolutionGuid = {9FF75C87-D7DA-4387-A8A3-E2F0733623E2}
	EndGlobalSection
EndGlobal
